{
  "name": "codex-cursor-proxy-local",
  "version": "0.2.0-local",
  "lockfileVersion": 3,
  "requires": true,
  "packages": {
    "": {
      "name": "codex-cursor-proxy-local",
      "version": "0.2.0-local",
      "bin": {
        "codex-cursor-proxy": "dist/index.js"
      },
      "devDependencies": {
        "@types/node": "^20.17.57",
        "typescript": "^5.8.3"
      },
      "engines": {
        "node": ">=18.17"
      }
    },
    "node_modules/@types/node": {
      "version": "20.19.42",
      "resolved": "http://r.npm.sankuai.com/@types/node/download/@types/node-20.19.42.tgz",
      "integrity": "sha1-ACEJ7GBfKnP0bpZ3E52LJ6LYg5Q=",
      "dev": true,
      "license": "MIT",
      "dependencies": {
        "undici-types": "~6.21.0"
      }
    },
    "node_modules/typescript": {
      "version": "5.9.3",
      "resolved": "http://r.npm.sankuai.com/typescript/download/typescript-5.9.3.tgz",
      "integrity": "sha1-W09Z4VMQqxeiFvXWz1PuR27eZw8=",
      "dev": true,
      "license": "Apache-2.0",
      "bin": {
        "tsc": "bin/tsc",
        "tsserver": "bin/tsserver"
      },
      "engines": {
        "node": ">=14.17"
      }
    },
    "node_modules/undici-types": {
      "version": "6.21.0",
      "resolved": "http://r.npm.sankuai.com/undici-types/download/undici-types-6.21.0.tgz",
      "integrity": "sha1-aR0ArzkJvpOn+qE75hs6W1DvEss=",
      "dev": true,
      "license": "MIT"
    }
  }
}
